
Microsoft Visual Studio Solution File, Format Version 12.00
# Visual Studio Version 16
VisualStudioVersion = 16.0.31229.75
MinimumVisualStudioVersion = 10.0.40219.1
Project("{FAE04EC0-301F-11D3-BF4B-00C04F79EFBC}") = "Lab01.Ex1_Greetings", "Lab01.Ex1_Greetings\Lab01.Ex1_Greetings.csproj", "{A1DCF264-DCCB-4D7E-B723-4E537F6F1736}"
EndProject
Project("{FAE04EC0-301F-11D3-BF4B-00C04F79EFBC}") = "Lab01.Ex4_Divider", "Lab01.Ex4_Divider\Lab01.Ex4_Divider.csproj", "{EA842EEA-EF6A-4C42-AB1A-1D35C41F9FBB}"
EndProject
Project("{FAE04EC0-301F-11D3-BF4B-00C04F79EFBC}") = "Lab02.Ex1_BankAccount", "Lab02.Ex1_BankAccount\Lab02.Ex1_BankAccount.csproj", "{365C0A07-CB6C-47C2-A56B-2F66670A6AB4}"
EndProject
Project("{FAE04EC0-301F-11D3-BF4B-00C04F79EFBC}") = "Lab02.Ex2_StructType", "Lab02.Ex2_StructType\Lab02.Ex2_StructType.csproj", "{7B9594D6-1EDB-4079-9726-EC0A61DF0D0A}"
EndProject
Project("{FAE04EC0-301F-11D3-BF4B-00C04F79EFBC}") = "Lab02.Ex3_StructType", "Lab02.Ex3_StructType\Lab02.Ex3_StructType.csproj", "{48E8889A-9244-48CC-A9A2-83323AD18100}"
EndProject
Project("{FAE04EC0-301F-11D3-BF4B-00C04F79EFBC}") = "Lab03.Ex1_WhatDay1", "Lab03.Ex1_WhatDay1\Lab03.Ex1_WhatDay1.csproj", "{5682035D-CB95-4918-AEF7-28A34987674F}"
EndProject
Project("{FAE04EC0-301F-11D3-BF4B-00C04F79EFBC}") = "Lab03.Ex2_WhatDay2", "Lab03.Ex2_WhatDay2\Lab03.Ex2_WhatDay2.csproj", "{39B3F4C2-3DD8-40C4-A841-8301F8E1D37B}"
EndProject
Project("{FAE04EC0-301F-11D3-BF4B-00C04F79EFBC}") = "Lab03.Ex3_WhatDay3", "Lab03.Ex3_WhatDay3\Lab03.Ex3_WhatDay3.csproj", "{D033CCA5-1FFB-4324-8704-8C8EB5F86DE4}"
EndProject
Project("{FAE04EC0-301F-11D3-BF4B-00C04F79EFBC}") = "Lab04.Ex1_Utils", "Lab04.Ex1_Utils\Lab04.Ex1_Utils.csproj", "{C98A1CDF-36BC-411F-8C6D-BDC348077A55}"
EndProject
Project("{FAE04EC0-301F-11D3-BF4B-00C04F79EFBC}") = "Lab04.Ex2_Utils", "Lab04.Ex2_Utils\Lab04.Ex2_Utils.csproj", "{3F557049-95E7-4C5B-B853-7B01DF8FA938}"
EndProject
Project("{FAE04EC0-301F-11D3-BF4B-00C04F79EFBC}") = "Lab04.Ex3_Utils", "Lab04.Ex3_Utils\Lab04.Ex3_Utils.csproj", "{52997EA1-16FF-435E-A640-18D61B9837B5}"
EndProject
Project("{FAE04EC0-301F-11D3-BF4B-00C04F79EFBC}") = "Lab05.Ex1_FileDetails", "Lab05.Ex1_FileDetails\Lab05.Ex1_FileDetails.csproj", "{D96E672B-D658-4416-91EC-2CBA76FF785A}"
EndProject
Project("{FAE04EC0-301F-11D3-BF4B-00C04F79EFBC}") = "Lab05.Ex2_MatrixMultiply", "Lab05.Ex2_MatrixMultiply\Lab05.Ex2_MatrixMultiply.csproj", "{6A053EF1-35EA-4C2B-BD09-60F5F73B68C3}"
EndProject
Project("{FAE04EC0-301F-11D3-BF4B-00C04F79EFBC}") = "Lab06.Ex1_CreateAccount", "Lab06.Ex1_CreateAccount\Lab06.Ex1_CreateAccount.csproj", "{C34E012D-86D0-4372-947F-C4E684C88755}"
EndProject
Project("{FAE04EC0-301F-11D3-BF4B-00C04F79EFBC}") = "Lab06.Ex2_UniqueNumbers", "Lab06.Ex2_UniqueNumbers\Lab06.Ex2_UniqueNumbers.csproj", "{73B84CBB-5A5B-463E-9A1F-2B6AEBEBFD91}"
EndProject
Project("{FAE04EC0-301F-11D3-BF4B-00C04F79EFBC}") = "Lab06.Ex3_MoreMethods", "Lab06.Ex3_MoreMethods\Lab06.Ex3_MoreMethods.csproj", "{F2C88C93-FC99-4E35-98C4-103247660EA1}"
EndProject
Project("{FAE04EC0-301F-11D3-BF4B-00C04F79EFBC}") = "Lab07.Ex1_Bank", "Lab07.Ex1_Bank\Lab07.Ex1_Bank.csproj", "{F78138B5-67A4-4482-937A-EBBB65CD82EB}"
EndProject
Project("{FAE04EC0-301F-11D3-BF4B-00C04F79EFBC}") = "Lab07.Ex2_Utils", "Lab07.Ex2_Utils\Lab07.Ex2_Utils.csproj", "{05E60307-7FDF-4233-AF90-630E11179D1C}"
EndProject
Global
	GlobalSection(SolutionConfigurationPlatforms) = preSolution
		Debug|Any CPU = Debug|Any CPU
		Release|Any CPU = Release|Any CPU
	EndGlobalSection
	GlobalSection(ProjectConfigurationPlatforms) = postSolution
		{A1DCF264-DCCB-4D7E-B723-4E537F6F1736}.Debug|Any CPU.ActiveCfg = Debug|Any CPU
		{A1DCF264-DCCB-4D7E-B723-4E537F6F1736}.Debug|Any CPU.Build.0 = Debug|Any CPU
		{A1DCF264-DCCB-4D7E-B723-4E537F6F1736}.Release|Any CPU.ActiveCfg = Release|Any CPU
		{A1DCF264-DCCB-4D7E-B723-4E537F6F1736}.Release|Any CPU.Build.0 = Release|Any CPU
		{EA842EEA-EF6A-4C42-AB1A-1D35C41F9FBB}.Debug|Any CPU.ActiveCfg = Debug|Any CPU
		{EA842EEA-EF6A-4C42-AB1A-1D35C41F9FBB}.Debug|Any CPU.Build.0 = Debug|Any CPU
		{EA842EEA-EF6A-4C42-AB1A-1D35C41F9FBB}.Release|Any CPU.ActiveCfg = Release|Any CPU
		{EA842EEA-EF6A-4C42-AB1A-1D35C41F9FBB}.Release|Any CPU.Build.0 = Release|Any CPU
		{365C0A07-CB6C-47C2-A56B-2F66670A6AB4}.Debug|Any CPU.ActiveCfg = Debug|Any CPU
		{365C0A07-CB6C-47C2-A56B-2F66670A6AB4}.Debug|Any CPU.Build.0 = Debug|Any CPU
		{365C0A07-CB6C-47C2-A56B-2F66670A6AB4}.Release|Any CPU.ActiveCfg = Release|Any CPU
		{365C0A07-CB6C-47C2-A56B-2F66670A6AB4}.Release|Any CPU.Build.0 = Release|Any CPU
		{7B9594D6-1EDB-4079-9726-EC0A61DF0D0A}.Debug|Any CPU.ActiveCfg = Debug|Any CPU
		{7B9594D6-1EDB-4079-9726-EC0A61DF0D0A}.Debug|Any CPU.Build.0 = Debug|Any CPU
		{7B9594D6-1EDB-4079-9726-EC0A61DF0D0A}.Release|Any CPU.ActiveCfg = Release|Any CPU
		{7B9594D6-1EDB-4079-9726-EC0A61DF0D0A}.Release|Any CPU.Build.0 = Release|Any CPU
		{48E8889A-9244-48CC-A9A2-83323AD18100}.Debug|Any CPU.ActiveCfg = Debug|Any CPU
		{48E8889A-9244-48CC-A9A2-83323AD18100}.Debug|Any CPU.Build.0 = Debug|Any CPU
		{48E8889A-9244-48CC-A9A2-83323AD18100}.Release|Any CPU.ActiveCfg = Release|Any CPU
		{48E8889A-9244-48CC-A9A2-83323AD18100}.Release|Any CPU.Build.0 = Release|Any CPU
		{5682035D-CB95-4918-AEF7-28A34987674F}.Debug|Any CPU.ActiveCfg = Debug|Any CPU
		{5682035D-CB95-4918-AEF7-28A34987674F}.Debug|Any CPU.Build.0 = Debug|Any CPU
		{5682035D-CB95-4918-AEF7-28A34987674F}.Release|Any CPU.ActiveCfg = Release|Any CPU
		{5682035D-CB95-4918-AEF7-28A34987674F}.Release|Any CPU.Build.0 = Release|Any CPU
		{39B3F4C2-3DD8-40C4-A841-8301F8E1D37B}.Debug|Any CPU.ActiveCfg = Debug|Any CPU
		{39B3F4C2-3DD8-40C4-A841-8301F8E1D37B}.Debug|Any CPU.Build.0 = Debug|Any CPU
		{39B3F4C2-3DD8-40C4-A841-8301F8E1D37B}.Release|Any CPU.ActiveCfg = Release|Any CPU
		{39B3F4C2-3DD8-40C4-A841-8301F8E1D37B}.Release|Any CPU.Build.0 = Release|Any CPU
		{D033CCA5-1FFB-4324-8704-8C8EB5F86DE4}.Debug|Any CPU.ActiveCfg = Debug|Any CPU
		{D033CCA5-1FFB-4324-8704-8C8EB5F86DE4}.Debug|Any CPU.Build.0 = Debug|Any CPU
		{D033CCA5-1FFB-4324-8704-8C8EB5F86DE4}.Release|Any CPU.ActiveCfg = Release|Any CPU
		{D033CCA5-1FFB-4324-8704-8C8EB5F86DE4}.Release|Any CPU.Build.0 = Release|Any CPU
		{C98A1CDF-36BC-411F-8C6D-BDC348077A55}.Debug|Any CPU.ActiveCfg = Debug|Any CPU
		{C98A1CDF-36BC-411F-8C6D-BDC348077A55}.Debug|Any CPU.Build.0 = Debug|Any CPU
		{C98A1CDF-36BC-411F-8C6D-BDC348077A55}.Release|Any CPU.ActiveCfg = Release|Any CPU
		{C98A1CDF-36BC-411F-8C6D-BDC348077A55}.Release|Any CPU.Build.0 = Release|Any CPU
		{3F557049-95E7-4C5B-B853-7B01DF8FA938}.Debug|Any CPU.ActiveCfg = Debug|Any CPU
		{3F557049-95E7-4C5B-B853-7B01DF8FA938}.Debug|Any CPU.Build.0 = Debug|Any CPU
		{3F557049-95E7-4C5B-B853-7B01DF8FA938}.Release|Any CPU.ActiveCfg = Release|Any CPU
		{3F557049-95E7-4C5B-B853-7B01DF8FA938}.Release|Any CPU.Build.0 = Release|Any CPU
		{52997EA1-16FF-435E-A640-18D61B9837B5}.Debug|Any CPU.ActiveCfg = Debug|Any CPU
		{52997EA1-16FF-435E-A640-18D61B9837B5}.Debug|Any CPU.Build.0 = Debug|Any CPU
		{52997EA1-16FF-435E-A640-18D61B9837B5}.Release|Any CPU.ActiveCfg = Release|Any CPU
		{52997EA1-16FF-435E-A640-18D61B9837B5}.Release|Any CPU.Build.0 = Release|Any CPU
		{D96E672B-D658-4416-91EC-2CBA76FF785A}.Debug|Any CPU.ActiveCfg = Debug|Any CPU
		{D96E672B-D658-4416-91EC-2CBA76FF785A}.Debug|Any CPU.Build.0 = Debug|Any CPU
		{D96E672B-D658-4416-91EC-2CBA76FF785A}.Release|Any CPU.ActiveCfg = Release|Any CPU
		{D96E672B-D658-4416-91EC-2CBA76FF785A}.Release|Any CPU.Build.0 = Release|Any CPU
		{6A053EF1-35EA-4C2B-BD09-60F5F73B68C3}.Debug|Any CPU.ActiveCfg = Debug|Any CPU
		{6A053EF1-35EA-4C2B-BD09-60F5F73B68C3}.Debug|Any CPU.Build.0 = Debug|Any CPU
		{6A053EF1-35EA-4C2B-BD09-60F5F73B68C3}.Release|Any CPU.ActiveCfg = Release|Any CPU
		{6A053EF1-35EA-4C2B-BD09-60F5F73B68C3}.Release|Any CPU.Build.0 = Release|Any CPU
		{C34E012D-86D0-4372-947F-C4E684C88755}.Debug|Any CPU.ActiveCfg = Debug|Any CPU
		{C34E012D-86D0-4372-947F-C4E684C88755}.Debug|Any CPU.Build.0 = Debug|Any CPU
		{C34E012D-86D0-4372-947F-C4E684C88755}.Release|Any CPU.ActiveCfg = Release|Any CPU
		{C34E012D-86D0-4372-947F-C4E684C88755}.Release|Any CPU.Build.0 = Release|Any CPU
		{73B84CBB-5A5B-463E-9A1F-2B6AEBEBFD91}.Debug|Any CPU.ActiveCfg = Debug|Any CPU
		{73B84CBB-5A5B-463E-9A1F-2B6AEBEBFD91}.Debug|Any CPU.Build.0 = Debug|Any CPU
		{73B84CBB-5A5B-463E-9A1F-2B6AEBEBFD91}.Release|Any CPU.ActiveCfg = Release|Any CPU
		{73B84CBB-5A5B-463E-9A1F-2B6AEBEBFD91}.Release|Any CPU.Build.0 = Release|Any CPU
		{F2C88C93-FC99-4E35-98C4-103247660EA1}.Debug|Any CPU.ActiveCfg = Debug|Any CPU
		{F2C88C93-FC99-4E35-98C4-103247660EA1}.Debug|Any CPU.Build.0 = Debug|Any CPU
		{F2C88C93-FC99-4E35-98C4-103247660EA1}.Release|Any CPU.ActiveCfg = Release|Any CPU
		{F2C88C93-FC99-4E35-98C4-103247660EA1}.Release|Any CPU.Build.0 = Release|Any CPU
		{F78138B5-67A4-4482-937A-EBBB65CD82EB}.Debug|Any CPU.ActiveCfg = Debug|Any CPU
		{F78138B5-67A4-4482-937A-EBBB65CD82EB}.Debug|Any CPU.Build.0 = Debug|Any CPU
		{F78138B5-67A4-4482-937A-EBBB65CD82EB}.Release|Any CPU.ActiveCfg = Release|Any CPU
		{F78138B5-67A4-4482-937A-EBBB65CD82EB}.Release|Any CPU.Build.0 = Release|Any CPU
		{05E60307-7FDF-4233-AF90-630E11179D1C}.Debug|Any CPU.ActiveCfg = Debug|Any CPU
		{05E60307-7FDF-4233-AF90-630E11179D1C}.Debug|Any CPU.Build.0 = Debug|Any CPU
		{05E60307-7FDF-4233-AF90-630E11179D1C}.Release|Any CPU.ActiveCfg = Release|Any CPU
		{05E60307-7FDF-4233-AF90-630E11179D1C}.Release|Any CPU.Build.0 = Release|Any CPU
	EndGlobalSection
	GlobalSection(SolutionProperties) = preSolution
		HideSolutionNode = FALSE
	EndGlobalSection
	GlobalSection(ExtensibilityGlobals) = postSolution
		SolutionGuid = {EF88D8A8-45A3-4449-B3E3-4C0C88B0387A}
	EndGlobalSection
EndGlobal
